// !$*UTF8*$!
{
	archiveVersion = 1;
	classes = {
	};
	objectVersion = 50;
	objects = {

/* Begin PBXBuildFile section */
		8F0F7145254784AC00F39994 /* Meme.swift in Sources */ = {isa = PBXBuildFile; fileRef = 8F0F7144254784AC00F39994 /* Meme.swift */; };
		8F0F71492547873700F39994 /* Meme+Fetcher.swift in Sources */ = {isa = PBXBuildFile; fileRef = 8F0F71482547873700F39994 /* Meme+Fetcher.swift */; };
		8F0F714E25478F3800F39994 /* MemeListView+ViewModel.swift in Sources */ = {isa = PBXBuildFile; fileRef = 8F0F714D25478F3800F39994 /* MemeListView+ViewModel.swift */; };
		8F0F71532547BE6900F39994 /* MemeView.swift in Sources */ = {isa = PBXBuildFile; fileRef = 8F0F71522547BE6900F39994 /* MemeView.swift */; };
		8F0F71572547BE7D00F39994 /* ImageLoader.swift in Sources */ = {isa = PBXBuildFile; fileRef = 8F0F71562547BE7D00F39994 /* ImageLoader.swift */; };
		8F0F715C2547C18200F39994 /* MemeEditorView.swift in Sources */ = {isa = PBXBuildFile; fileRef = 8F0F715B2547C18200F39994 /* MemeEditorView.swift */; };
		8F0F71612547C50000F39994 /* MemeEditorDraggableLabel.swift in Sources */ = {isa = PBXBuildFile; fileRef = 8F0F71602547C50000F39994 /* MemeEditorDraggableLabel.swift */; };
		8F13B77F254731C900A2ACEA /* MemeGeneratorApp.swift in Sources */ = {isa = PBXBuildFile; fileRef = 8F13B77E254731C900A2ACEA /* MemeGeneratorApp.swift */; };
		8F13B781254731C900A2ACEA /* MemeListView.swift in Sources */ = {isa = PBXBuildFile; fileRef = 8F13B780254731C900A2ACEA /* MemeListView.swift */; };
		8F13B783254731CB00A2ACEA /* Assets.xcassets in Resources */ = {isa = PBXBuildFile; fileRef = 8F13B782254731CB00A2ACEA /* Assets.xcassets */; };
		8F13B786254731CB00A2ACEA /* Preview Assets.xcassets in Resources */ = {isa = PBXBuildFile; fileRef = 8F13B785254731CB00A2ACEA /* Preview Assets.xcassets */; };
/* End PBXBuildFile section */

/* Begin PBXFileReference section */
		8F0F7144254784AC00F39994 /* Meme.swift */ = {isa = PBXFileReference; lastKnownFileType = sourcecode.swift; path = Meme.swift; sourceTree = "<group>"; };
		8F0F71482547873700F39994 /* Meme+Fetcher.swift */ = {isa = PBXFileReference; lastKnownFileType = sourcecode.swift; path = "Meme+Fetcher.swift"; sourceTree = "<group>"; };
		8F0F714D25478F3800F39994 /* MemeListView+ViewModel.swift */ = {isa = PBXFileReference; lastKnownFileType = sourcecode.swift; path = "MemeListView+ViewModel.swift"; sourceTree = "<group>"; };
		8F0F71522547BE6900F39994 /* MemeView.swift */ = {isa = PBXFileReference; lastKnownFileType = sourcecode.swift; path = MemeView.swift; sourceTree = "<group>"; };
		8F0F71562547BE7D00F39994 /* ImageLoader.swift */ = {isa = PBXFileReference; lastKnownFileType = sourcecode.swift; path = ImageLoader.swift; sourceTree = "<group>"; };
		8F0F715B2547C18200F39994 /* MemeEditorView.swift */ = {isa = PBXFileReference; lastKnownFileType = sourcecode.swift; path = MemeEditorView.swift; sourceTree = "<group>"; };
		8F0F71602547C50000F39994 /* MemeEditorDraggableLabel.swift */ = {isa = PBXFileReference; lastKnownFileType = sourcecode.swift; path = MemeEditorDraggableLabel.swift; sourceTree = "<group>"; };
		8F13B77B254731C900A2ACEA /* MemeGenerator.app */ = {isa = PBXFileReference; explicitFileType = wrapper.application; includeInIndex = 0; path = MemeGenerator.app; sourceTree = BUILT_PRODUCTS_DIR; };
		8F13B77E254731C900A2ACEA /* MemeGeneratorApp.swift */ = {isa = PBXFileReference; lastKnownFileType = sourcecode.swift; path = MemeGeneratorApp.swift; sourceTree = "<group>"; };
		8F13B780254731C900A2ACEA /* MemeListView.swift */ = {isa = PBXFileReference; lastKnownFileType = sourcecode.swift; path = MemeListView.swift; sourceTree = "<group>"; };
		8F13B782254731CB00A2ACEA /* Assets.xcassets */ = {isa = PBXFileReference; lastKnownFileType = folder.assetcatalog; path = Assets.xcassets; sourceTree = "<group>"; };
		8F13B785254731CB00A2ACEA /* Preview Assets.xcassets */ = {isa = PBXFileReference; lastKnownFileType = folder.assetcatalog; path = "Preview Assets.xcassets"; sourceTree = "<group>"; };
		8F13B787254731CB00A2ACEA /* Info.plist */ = {isa = PBXFileReference; lastKnownFileType = text.plist.xml; path = Info.plist; sourceTree = "<group>"; };
/* End PBXFileReference section */

/* Begin PBXFrameworksBuildPhase section */
		8F13B778254731C900A2ACEA /* Frameworks */ = {
			isa = PBXFrameworksBuildPhase;
			buildActionMask = 2147483647;
			files = (
			);
			runOnlyForDeploymentPostprocessing = 0;
		};
/* End PBXFrameworksBuildPhase section */

/* Begin PBXGroup section */
		8F0F71432547847100F39994 /* Model */ = {
			isa = PBXGroup;
			children = (
				8F0F7144254784AC00F39994 /* Meme.swift */,
				8F0F71482547873700F39994 /* Meme+Fetcher.swift */,
			);
			path = Model;
			sourceTree = "<group>";
		};
		8F0F71552547BE7500F39994 /* ImageLoader */ = {
			isa = PBXGroup;
			children = (
				8F0F71562547BE7D00F39994 /* ImageLoader.swift */,
			);
			path = ImageLoader;
			sourceTree = "<group>";
		};
		8F0F715E2547C1A800F39994 /* MemeView */ = {
			isa = PBXGroup;
			children = (
				8F0F71602547C50000F39994 /* MemeEditorDraggableLabel.swift */,
				8F0F715B2547C18200F39994 /* MemeEditorView.swift */,
				8F13B780254731C900A2ACEA /* MemeListView.swift */,
				8F0F714D25478F3800F39994 /* MemeListView+ViewModel.swift */,
				8F0F71522547BE6900F39994 /* MemeView.swift */,
			);
			path = MemeView;
			sourceTree = "<group>";
		};
		8F13B772254731C900A2ACEA = {
			isa = PBXGroup;
			children = (
				8F13B77D254731C900A2ACEA /* MemeGenerator */,
				8F13B77C254731C900A2ACEA /* Products */,
			);
			sourceTree = "<group>";
		};
		8F13B77C254731C900A2ACEA /* Products */ = {
			isa = PBXGroup;
			children = (
				8F13B77B254731C900A2ACEA /* MemeGenerator.app */,
			);
			name = Products;
			sourceTree = "<group>";
		};
		8F13B77D254731C900A2ACEA /* MemeGenerator */ = {
			isa = PBXGroup;
			children = (
				8F0F71552547BE7500F39994 /* ImageLoader */,
				8F13B77E254731C900A2ACEA /* MemeGeneratorApp.swift */,
				8F0F71432547847100F39994 /* Model */,
				8F0F715E2547C1A800F39994 /* MemeView */,
				8F13B782254731CB00A2ACEA /* Assets.xcassets */,
				8F13B787254731CB00A2ACEA /* Info.plist */,
				8F13B784254731CB00A2ACEA /* Preview Content */,
			);
			path = MemeGenerator;
			sourceTree = "<group>";
		};
		8F13B784254731CB00A2ACEA /* Preview Content */ = {
			isa = PBXGroup;
			children = (
				8F13B785254731CB00A2ACEA /* Preview Assets.xcassets */,
			);
			path = "Preview Content";
			sourceTree = "<group>";
		};
/* End PBXGroup section */

/* Begin PBXNativeTarget section */
		8F13B77A254731C900A2ACEA /* MemeGenerator */ = {
			isa = PBXNativeTarget;
			buildConfigurationList = 8F13B78A254731CB00A2ACEA /* Build configuration list for PBXNativeTarget "MemeGenerator" */;
			buildPhases = (
				8F13B777254731C900A2ACEA /* Sources */,
				8F13B778254731C900A2ACEA /* Frameworks */,
				8F13B779254731C900A2ACEA /* Resources */,
			);
			buildRules = (
			);
			dependencies = (
			);
			name = MemeGenerator;
			productName = MemeGenerator;
			productReference = 8F13B77B254731C900A2ACEA /* MemeGenerator.app */;
			productType = "com.apple.product-type.application";
		};
/* End PBXNativeTarget section */

/* Begin PBXProject section */
		8F13B773254731C900A2ACEA /* Project object */ = {
			isa = PBXProject;
			attributes = {
				LastSwiftUpdateCheck = 1210;
				LastUpgradeCheck = 1210;
				TargetAttributes = {
					8F13B77A254731C900A2ACEA = {
						CreatedOnToolsVersion = 12.1;
					};
				};
			};
			buildConfigurationList = 8F13B776254731C900A2ACEA /* Build configuration list for PBXProject "MemeGenerator" */;
			compatibilityVersion = "Xcode 9.3";
			developmentRegion = en;
			hasScannedForEncodings = 0;
			knownRegions = (
				en,
				Base,
			);
			mainGroup = 8F13B772254731C900A2ACEA;
			productRefGroup = 8F13B77C254731C900A2ACEA /* Products */;
			projectDirPath = "";
			projectRoot = "";
			targets = (
				8F13B77A254731C900A2ACEA /* MemeGenerator */,
			);
		};
/* End PBXProject section */

/* Begin PBXResourcesBuildPhase section */
		8F13B779254731C900A2ACEA /* Resources */ = {
			isa = PBXResourcesBuildPhase;
			buildActionMask = 2147483647;
			files = (
				8F13B786254731CB00A2ACEA /* Preview Assets.xcassets in Resources */,
				8F13B783254731CB00A2ACEA /* Assets.xcassets in Resources */,
			);
			runOnlyForDeploymentPostprocessing = 0;
		};
/* End PBXResourcesBuildPhase section */

/* Begin PBXSourcesBuildPhase section */
		8F13B777254731C900A2ACEA /* Sources */ = {
			isa = PBXSourcesBuildPhase;
			buildActionMask = 2147483647;
			files = (
				8F0F71572547BE7D00F39994 /* ImageLoader.swift in Sources */,
				8F0F7145254784AC00F39994 /* Meme.swift in Sources */,
				8F0F71492547873700F39994 /* Meme+Fetcher.swift in Sources */,
				8F0F71612547C50000F39994 /* MemeEditorDraggableLabel.swift in Sources */,
				8F0F71532547BE6900F39994 /* MemeView.swift in Sources */,
				8F13B781254731C900A2ACEA /* MemeListView.swift in Sources */,
				8F0F715C2547C18200F39994 /* MemeEditorView.swift in Sources */,
				8F13B77F254731C900A2ACEA /* MemeGeneratorApp.swift in Sources */,
				8F0F714E25478F3800F39994 /* MemeListView+ViewModel.swift in Sources */,
			);
			runOnlyForDeploymentPostprocessing = 0;
		};
/* End PBXSourcesBuildPhase section */

/* Begin XCBuildConfiguration section */
		8F13B788254731CB00A2ACEA /* Debug */ = {
			isa = XCBuildConfiguration;
			buildSettings = {
				ALWAYS_SEARCH_USER_PATHS = NO;
				CLANG_ANALYZER_NONNULL = YES;
				CLANG_ANALYZER_NUMBER_OBJECT_CONVERSION = YES_AGGRESSIVE;
				CLANG_CXX_LANGUAGE_STANDARD = "gnu++14";
				CLANG_CXX_LIBRARY = "libc++";
				CLANG_ENABLE_MODULES = YES;
				CLANG_ENABLE_OBJC_ARC = YES;
				CLANG_ENABLE_OBJC_WEAK = YES;
				CLANG_WARN_BLOCK_CAPTURE_AUTORELEASING = YES;
				CLANG_WARN_BOOL_CONVERSION = YES;
				CLANG_WARN_COMMA = YES;
				CLANG_WARN_CONSTANT_CONVERSION = YES;
				CLANG_WARN_DEPRECATED_OBJC_IMPLEMENTATIONS = YES;
				CLANG_WARN_DIRECT_OBJC_ISA_USAGE = YES_ERROR;
				CLANG_WARN_DOCUMENTATION_COMMENTS = YES;
				CLANG_WARN_EMPTY_BODY = YES;
				CLANG_WARN_ENUM_CONVERSION = YES;
				CLANG_WARN_INFINITE_RECURSION = YES;
				CLANG_WARN_INT_CONVERSION = YES;
				CLANG_WARN_NON_LITERAL_NULL_CONVERSION = YES;
				CLANG_WARN_OBJC_IMPLICIT_RETAIN_SELF = YES;
				CLANG_WARN_OBJC_LITERAL_CONVERSION = YES;
				CLANG_WARN_OBJC_ROOT_CLASS = YES_ERROR;
				CLANG_WARN_QUOTED_INCLUDE_IN_FRAMEWORK_HEADER = YES;
				CLANG_WARN_RANGE_LOOP_ANALYSIS = YES;
				CLANG_WARN_STRICT_PROTOTYPES = YES;
				CLANG_WARN_SUSPICIOUS_MOVE = YES;
				CLANG_WARN_UNGUARDED_AVAILABILITY = YES_AGGRESSIVE;
				CLANG_WARN_UNREACHABLE_CODE = YES;
				CLANG_WARN__DUPLICATE_METHOD_MATCH = YES;
				COPY_PHASE_STRIP = NO;
				DEBUG_INFORMATION_FORMAT = dwarf;
				ENABLE_STRICT_OBJC_MSGSEND = YES;
				ENABLE_TESTABILITY = YES;
				GCC_C_LANGUAGE_STANDARD = gnu11;
				GCC_DYNAMIC_NO_PIC = NO;
				GCC_NO_COMMON_BLOCKS = YES;
				GCC_OPTIMIZATION_LEVEL = 0;
				GCC_PREPROCESSOR_DEFINITIONS = (
					"DEBUG=1",
					"$(inherited)",
				);
				GCC_WARN_64_TO_32_BIT_CONVERSION = YES;
				GCC_WARN_ABOUT_RETURN_TYPE = YES_ERROR;
				GCC_WARN_UNDECLARED_SELECTOR = YES;
				GCC_WARN_UNINITIALIZED_AUTOS = YES_AGGRESSIVE;
				GCC_WARN_UNUSED_FUNCTION = YES;
				GCC_WARN_UNUSED_VARIABLE = YES;
				IPHONEOS_DEPLOYMENT_TARGET = 14.1;
				MTL_ENABLE_DEBUG_INFO = INCLUDE_SOURCE;
				MTL_FAST_MATH = YES;
				ONLY_ACTIVE_ARCH = YES;
				SDKROOT = iphoneos;
				SWIFT_ACTIVE_COMPILATION_CONDITIONS = DEBUG;
				SWIFT_OPTIMIZATION_LEVEL = "-Onone";
			};
			name = Debug;
		};
		8F13B789254731CB00A2ACEA /* Release */ = {
			isa = XCBuildConfiguration;
			buildSettings = {
				ALWAYS_SEARCH_USER_PATHS = NO;
				CLANG_ANALYZER_NONNULL = YES;
				CLANG_ANALYZER_NUMBER_OBJECT_CONVERSION = YES_AGGRESSIVE;
				CLANG_CXX_LANGUAGE_STANDARD = "gnu++14";
				CLANG_CXX_LIBRARY = "libc++";
				CLANG_ENABLE_MODULES = YES;
				CLANG_ENABLE_OBJC_ARC = YES;
				CLANG_ENABLE_OBJC_WEAK = YES;
				CLANG_WARN_BLOCK_CAPTURE_AUTORELEASING = YES;
				CLANG_WARN_BOOL_CONVERSION = YES;
				CLANG_WARN_COMMA = YES;
				CLANG_WARN_CONSTANT_CONVERSION = YES;
				CLANG_WARN_DEPRECATED_OBJC_IMPLEMENTATIONS = YES;
				CLANG_WARN_DIRECT_OBJC_ISA_USAGE = YES_ERROR;
				CLANG_WARN_DOCUMENTATION_COMMENTS = YES;
				CLANG_WARN_EMPTY_BODY = YES;
				CLANG_WARN_ENUM_CONVERSION = YES;
				CLANG_WARN_INFINITE_RECURSION = YES;
				CLANG_WARN_INT_CONVERSION = YES;
				CLANG_WARN_NON_LITERAL_NULL_CONVERSION = YES;
				CLANG_WARN_OBJC_IMPLICIT_RETAIN_SELF = YES;
				CLANG_WARN_OBJC_LITERAL_CONVERSION = YES;
				CLANG_WARN_OBJC_ROOT_CLASS = YES_ERROR;
				CLANG_WARN_QUOTED_INCLUDE_IN_FRAMEWORK_HEADER = YES;
				CLANG_WARN_RANGE_LOOP_ANALYSIS = YES;
				CLANG_WARN_STRICT_PROTOTYPES = YES;
				CLANG_WARN_SUSPICIOUS_MOVE = YES;
				CLANG_WARN_UNGUARDED_AVAILABILITY = YES_AGGRESSIVE;
				CLANG_WARN_UNREACHABLE_CODE = YES;
				CLANG_WARN__DUPLICATE_METHOD_MATCH = YES;
				COPY_PHASE_STRIP = NO;
				DEBUG_INFORMATION_FORMAT = "dwarf-with-dsym";
				ENABLE_NS_ASSERTIONS = NO;
				ENABLE_STRICT_OBJC_MSGSEND = YES;
				GCC_C_LANGUAGE_STANDARD = gnu11;
				GCC_NO_COMMON_BLOCKS = YES;
				GCC_WARN_64_TO_32_BIT_CONVERSION = YES;
				GCC_WARN_ABOUT_RETURN_TYPE = YES_ERROR;
				GCC_WARN_UNDECLARED_SELECTOR = YES;
				GCC_WARN_UNINITIALIZED_AUTOS = YES_AGGRESSIVE;
				GCC_WARN_UNUSED_FUNCTION = YES;
				GCC_WARN_UNUSED_VARIABLE = YES;
				IPHONEOS_DEPLOYMENT_TARGET = 14.1;
				MTL_ENABLE_DEBUG_INFO = NO;
				MTL_FAST_MATH = YES;
				SDKROOT = iphoneos;
				SWIFT_COMPILATION_MODE = wholemodule;
				SWIFT_OPTIMIZATION_LEVEL = "-O";
				VALIDATE_PRODUCT = YES;
			};
			name = Release;
		};
		8F13B78B254731CB00A2ACEA /* Debug */ = {
			isa = XCBuildConfiguration;
			buildSettings = {
				ASSETCATALOG_COMPILER_APPICON_NAME = AppIcon;
				ASSETCATALOG_COMPILER_GLOBAL_ACCENT_COLOR_NAME = AccentColor;
				CODE_SIGN_STYLE = Automatic;
				DEVELOPMENT_ASSET_PATHS = "\"MemeGenerator/Preview Content\"";
				DEVELOPMENT_TEAM = 4TWWRT697R;
				ENABLE_PREVIEWS = YES;
				INFOPLIST_FILE = MemeGenerator/Info.plist;
				IPHONEOS_DEPLOYMENT_TARGET = 14.0;
				LD_RUNPATH_SEARCH_PATHS = (
					"$(inherited)",
					"@executable_path/Frameworks",
				);
				PRODUCT_BUNDLE_IDENTIFIER = com.bb.MemeGenerator;
				PRODUCT_NAME = "$(TARGET_NAME)";
				SWIFT_VERSION = 5.0;
				TARGETED_DEVICE_FAMILY = "1,2";
			};
			name = Debug;
		};
		8F13B78C254731CB00A2ACEA /* Release */ = {
			isa = XCBuildConfiguration;
			buildSettings = {
				ASSETCATALOG_COMPILER_APPICON_NAME = AppIcon;
				ASSETCATALOG_COMPILER_GLOBAL_ACCENT_COLOR_NAME = AccentColor;
				CODE_SIGN_STYLE = Automatic;
				DEVELOPMENT_ASSET_PATHS = "\"MemeGenerator/Preview Content\"";
				DEVELOPMENT_TEAM = 4TWWRT697R;
				ENABLE_PREVIEWS = YES;
				INFOPLIST_FILE = MemeGenerator/Info.plist;
				IPHONEOS_DEPLOYMENT_TARGET = 14.0;
				LD_RUNPATH_SEARCH_PATHS = (
					"$(inherited)",
					"@executable_path/Frameworks",
				);
				PRODUCT_BUNDLE_IDENTIFIER = com.bb.MemeGenerator;
				PRODUCT_NAME = "$(TARGET_NAME)";
				SWIFT_VERSION = 5.0;
				TARGETED_DEVICE_FAMILY = "1,2";
			};
			name = Release;
		};
/* End XCBuildConfiguration section */

/* Begin XCConfigurationList section */
		8F13B776254731C900A2ACEA /* Build configuration list for PBXProject "MemeGenerator" */ = {
			isa = XCConfigurationList;
			buildConfigurations = (
				8F13B788254731CB00A2ACEA /* Debug */,
				8F13B789254731CB00A2ACEA /* Release */,
			);
			defaultConfigurationIsVisible = 0;
			defaultConfigurationName = Release;
		};
		8F13B78A254731CB00A2ACEA /* Build configuration list for PBXNativeTarget "MemeGenerator" */ = {
			isa = XCConfigurationList;
			buildConfigurations = (
				8F13B78B254731CB00A2ACEA /* Debug */,
				8F13B78C254731CB00A2ACEA /* Release */,
			);
			defaultConfigurationIsVisible = 0;
			defaultConfigurationName = Release;
		};
/* End XCConfigurationList section */
	};
	rootObject = 8F13B773254731C900A2ACEA /* Project object */;
}
